
Microsoft Visual Studio Solution File, Format Version 12.00
# Visual Studio Version 16
VisualStudioVersion = 16.0.30204.135
MinimumVisualStudioVersion = 10.0.40219.1
Project("{FAE04EC0-301F-11D3-BF4B-00C04F79EFBC}") = "WindowsFormsApp", "WindowsFormsApp\WindowsFormsApp.csproj", "{13B3DCA2-BDE5-4EFE-BCFF-FB23C4F1CDE0}"
EndProject
Global
	GlobalSection(SolutionConfigurationPlatforms) = preSolution
		Debug|Any CPU = Debug|Any CPU
		Release|Any CPU = Release|Any CPU
	EndGlobalSection
	GlobalSection(ProjectConfigurationPlatforms) = postSolution
		{13B3DCA2-BDE5-4EFE-BCFF-FB23C4F1CDE0}.Debug|Any CPU.ActiveCfg = Debug|Any CPU
		{13B3DCA2-BDE5-4EFE-BCFF-FB23C4F1CDE0}.Debug|Any CPU.Build.0 = Debug|Any CPU
		{13B3DCA2-BDE5-4EFE-BCFF-FB23C4F1CDE0}.Release|Any CPU.ActiveCfg = Release|Any CPU
		{13B3DCA2-BDE5-4EFE-BCFF-FB23C4F1CDE0}.Release|Any CPU.Build.0 = Release|Any CPU
	EndGlobalSection
	GlobalSection(SolutionProperties) = preSolution
		HideSolutionNode = FALSE
	EndGlobalSection
	GlobalSection(ExtensibilityGlobals) = postSolution
		SolutionGuid = {F0DACAA4-5150-45BC-BDC8-7B40BED43F02}
	EndGlobalSection
EndGlobal
